
Microsoft Visual Studio Solution File, Format Version 12.00
# Visual Studio Version 17
VisualStudioVersion = 17.7.34202.233
MinimumVisualStudioVersion = 10.0.40219.1
Project("{FAE04EC0-301F-11D3-BF4B-00C04F79EFBC}") = "FlightDocSys", "FlightDocSys.csproj", "{4A4240F1-0936-489A-B9FE-22FB687B64D6}"
EndProject
Global
	GlobalSection(SolutionConfigurationPlatforms) = preSolution
		Debug|Any CPU = Debug|Any CPU
		Release|Any CPU = Release|Any CPU
	EndGlobalSection
	GlobalSection(ProjectConfigurationPlatforms) = postSolution
		{4A4240F1-0936-489A-B9FE-22FB687B64D6}.Debug|Any CPU.ActiveCfg = Debug|Any CPU
		{4A4240F1-0936-489A-B9FE-22FB687B64D6}.Debug|Any CPU.Build.0 = Debug|Any CPU
		{4A4240F1-0936-489A-B9FE-22FB687B64D6}.Release|Any CPU.ActiveCfg = Release|Any CPU
		{4A4240F1-0936-489A-B9FE-22FB687B64D6}.Release|Any CPU.Build.0 = Release|Any CPU
	EndGlobalSection
	GlobalSection(SolutionProperties) = preSolution
		HideSolutionNode = FALSE
	EndGlobalSection
	GlobalSection(ExtensibilityGlobals) = postSolution
		SolutionGuid = {343481C7-02D3-40B2-A1CE-C093AD4BD0D6}
	EndGlobalSection
EndGlobal
